// !$*UTF8*$!
{
	archiveVersion = 1;
	classes = {
	};
	objectVersion = 54;
	objects = {

/* Begin PBXBuildFile section */
		DB09631527004A20008D987E /* RateView.swift in Sources */ = {isa = PBXBuildFile; fileRef = DB09631427004A20008D987E /* RateView.swift */; };
		DB09631727006ABB008D987E /* AppDelegate.swift in Sources */ = {isa = PBXBuildFile; fileRef = DB09631627006ABB008D987E /* AppDelegate.swift */; };
		DB09631927006D3D008D987E /* GoogleService-Info.plist in Resources */ = {isa = PBXBuildFile; fileRef = DB09631827006D3D008D987E /* GoogleService-Info.plist */; };
		DB55B8F626FE218B004C91FA /* BMICalcSolokhaOApp.swift in Sources */ = {isa = PBXBuildFile; fileRef = DB55B8F526FE218B004C91FA /* BMICalcSolokhaOApp.swift */; };
		DB55B8F826FE218B004C91FA /* MainView.swift in Sources */ = {isa = PBXBuildFile; fileRef = DB55B8F726FE218B004C91FA /* MainView.swift */; };
		DB55B8FA26FE218E004C91FA /* Assets.xcassets in Resources */ = {isa = PBXBuildFile; fileRef = DB55B8F926FE218E004C91FA /* Assets.xcassets */; };
		DB55B8FD26FE218E004C91FA /* Preview Assets.xcassets in Resources */ = {isa = PBXBuildFile; fileRef = DB55B8FC26FE218E004C91FA /* Preview Assets.xcassets */; };
		DB55B90426FE2339004C91FA /* EnterParameterView.swift in Sources */ = {isa = PBXBuildFile; fileRef = DB55B90326FE2339004C91FA /* EnterParameterView.swift */; };
		DB66F4E726FE4B16004563AC /* MainViewModel.swift in Sources */ = {isa = PBXBuildFile; fileRef = DB66F4E626FE4B16004563AC /* MainViewModel.swift */; };
		DB7CF17426FF3E9B00DC503C /* Person.swift in Sources */ = {isa = PBXBuildFile; fileRef = DB7CF17326FF3E9B00DC503C /* Person.swift */; };
		DB7CF17626FF3F8B00DC503C /* ResultBMIView.swift in Sources */ = {isa = PBXBuildFile; fileRef = DB7CF17526FF3F8B00DC503C /* ResultBMIView.swift */; };
		DB7CF17826FF454600DC503C /* BMICalcModel.swift in Sources */ = {isa = PBXBuildFile; fileRef = DB7CF17726FF454600DC503C /* BMICalcModel.swift */; };
		DB7CF17A26FF4CCF00DC503C /* ResultBMIViewModel.swift in Sources */ = {isa = PBXBuildFile; fileRef = DB7CF17926FF4CCF00DC503C /* ResultBMIViewModel.swift */; };
		DBA275F9270CA73C009C8307 /* NavigationBarGradientModifier.swift in Sources */ = {isa = PBXBuildFile; fileRef = DBA275F8270CA73C009C8307 /* NavigationBarGradientModifier.swift */; };
		DBA275FD270CAE1D009C8307 /* View + navigationBarGradient.swift in Sources */ = {isa = PBXBuildFile; fileRef = DBA275FC270CAE1D009C8307 /* View + navigationBarGradient.swift */; };
		DBB3AEBE270074FD009CB4E7 /* AdMobView.swift in Sources */ = {isa = PBXBuildFile; fileRef = DBB3AEBD270074FC009CB4E7 /* AdMobView.swift */; };
		DBF26D2A270090C0003E818A /* UIColor + hexStringToUIColor.swift in Sources */ = {isa = PBXBuildFile; fileRef = DBF26D29270090C0003E818A /* UIColor + hexStringToUIColor.swift */; };
		DBF26D2D27009701003E818A /* ColorDesign.swift in Sources */ = {isa = PBXBuildFile; fileRef = DBF26D2C27009701003E818A /* ColorDesign.swift */; };
		DBF26D2F27009B06003E818A /* NavigationBarColorModifier.swift in Sources */ = {isa = PBXBuildFile; fileRef = DBF26D2E27009B06003E818A /* NavigationBarColorModifier.swift */; };
		DBF26D3127009B34003E818A /* View + navigationBarColor.swift in Sources */ = {isa = PBXBuildFile; fileRef = DBF26D3027009B34003E818A /* View + navigationBarColor.swift */; };
		DBF26D332700ACE1003E818A /* View + hideKeyboard.swift in Sources */ = {isa = PBXBuildFile; fileRef = DBF26D322700ACE1003E818A /* View + hideKeyboard.swift */; };
		F5DC79E4EAAADB86F16C3A15 /* Pods_BMICalcSolokhaO.framework in Frameworks */ = {isa = PBXBuildFile; fileRef = DE4FA6761694EB446C94A862 /* Pods_BMICalcSolokhaO.framework */; };
/* End PBXBuildFile section */

/* Begin PBXFileReference section */
		47D7D979CB6CCE6B809E0337 /* Pods-BMICalcSolokhaO.debug.xcconfig */ = {isa = PBXFileReference; includeInIndex = 1; lastKnownFileType = text.xcconfig; name = "Pods-BMICalcSolokhaO.debug.xcconfig"; path = "Target Support Files/Pods-BMICalcSolokhaO/Pods-BMICalcSolokhaO.debug.xcconfig"; sourceTree = "<group>"; };
		980D0713BB7E23CD536F4F89 /* Pods-BMICalcSolokhaO.release.xcconfig */ = {isa = PBXFileReference; includeInIndex = 1; lastKnownFileType = text.xcconfig; name = "Pods-BMICalcSolokhaO.release.xcconfig"; path = "Target Support Files/Pods-BMICalcSolokhaO/Pods-BMICalcSolokhaO.release.xcconfig"; sourceTree = "<group>"; };
		DB09631427004A20008D987E /* RateView.swift */ = {isa = PBXFileReference; lastKnownFileType = sourcecode.swift; path = RateView.swift; sourceTree = "<group>"; };
		DB09631627006ABB008D987E /* AppDelegate.swift */ = {isa = PBXFileReference; lastKnownFileType = sourcecode.swift; path = AppDelegate.swift; sourceTree = "<group>"; };
		DB09631827006D3D008D987E /* GoogleService-Info.plist */ = {isa = PBXFileReference; fileEncoding = 4; lastKnownFileType = text.plist.xml; path = "GoogleService-Info.plist"; sourceTree = "<group>"; };
		DB55B8F226FE218B004C91FA /* BMICalcSolokhaO.app */ = {isa = PBXFileReference; explicitFileType = wrapper.application; includeInIndex = 0; path = BMICalcSolokhaO.app; sourceTree = BUILT_PRODUCTS_DIR; };
		DB55B8F526FE218B004C91FA /* BMICalcSolokhaOApp.swift */ = {isa = PBXFileReference; lastKnownFileType = sourcecode.swift; path = BMICalcSolokhaOApp.swift; sourceTree = "<group>"; };
		DB55B8F726FE218B004C91FA /* MainView.swift */ = {isa = PBXFileReference; lastKnownFileType = sourcecode.swift; path = MainView.swift; sourceTree = "<group>"; };
		DB55B8F926FE218E004C91FA /* Assets.xcassets */ = {isa = PBXFileReference; lastKnownFileType = folder.assetcatalog; path = Assets.xcassets; sourceTree = "<group>"; };
		DB55B8FC26FE218E004C91FA /* Preview Assets.xcassets */ = {isa = PBXFileReference; lastKnownFileType = folder.assetcatalog; path = "Preview Assets.xcassets"; sourceTree = "<group>"; };
		DB55B90326FE2339004C91FA /* EnterParameterView.swift */ = {isa = PBXFileReference; lastKnownFileType = sourcecode.swift; path = EnterParameterView.swift; sourceTree = "<group>"; };
		DB66F4E626FE4B16004563AC /* MainViewModel.swift */ = {isa = PBXFileReference; lastKnownFileType = sourcecode.swift; path = MainViewModel.swift; sourceTree = "<group>"; };
		DB7CF17326FF3E9B00DC503C /* Person.swift */ = {isa = PBXFileReference; lastKnownFileType = sourcecode.swift; path = Person.swift; sourceTree = "<group>"; };
		DB7CF17526FF3F8B00DC503C /* ResultBMIView.swift */ = {isa = PBXFileReference; lastKnownFileType = sourcecode.swift; path = ResultBMIView.swift; sourceTree = "<group>"; };
		DB7CF17726FF454600DC503C /* BMICalcModel.swift */ = {isa = PBXFileReference; lastKnownFileType = sourcecode.swift; path = BMICalcModel.swift; sourceTree = "<group>"; };
		DB7CF17926FF4CCF00DC503C /* ResultBMIViewModel.swift */ = {isa = PBXFileReference; lastKnownFileType = sourcecode.swift; path = ResultBMIViewModel.swift; sourceTree = "<group>"; };
		DBA275F8270CA73C009C8307 /* NavigationBarGradientModifier.swift */ = {isa = PBXFileReference; lastKnownFileType = sourcecode.swift; path = NavigationBarGradientModifier.swift; sourceTree = "<group>"; };
		DBA275FC270CAE1D009C8307 /* View + navigationBarGradient.swift */ = {isa = PBXFileReference; lastKnownFileType = sourcecode.swift; path = "View + navigationBarGradient.swift"; sourceTree = "<group>"; };
		DBB3AEBD270074FC009CB4E7 /* AdMobView.swift */ = {isa = PBXFileReference; lastKnownFileType = sourcecode.swift; path = AdMobView.swift; sourceTree = "<group>"; };
		DBF26D2727007E47003E818A /* Info.plist */ = {isa = PBXFileReference; lastKnownFileType = text.plist; path = Info.plist; sourceTree = "<group>"; };
		DBF26D29270090C0003E818A /* UIColor + hexStringToUIColor.swift */ = {isa = PBXFileReference; lastKnownFileType = sourcecode.swift; path = "UIColor + hexStringToUIColor.swift"; sourceTree = "<group>"; };
		DBF26D2C27009701003E818A /* ColorDesign.swift */ = {isa = PBXFileReference; lastKnownFileType = sourcecode.swift; path = ColorDesign.swift; sourceTree = "<group>"; };
		DBF26D2E27009B06003E818A /* NavigationBarColorModifier.swift */ = {isa = PBXFileReference; lastKnownFileType = sourcecode.swift; path = NavigationBarColorModifier.swift; sourceTree = "<group>"; };
		DBF26D3027009B34003E818A /* View + navigationBarColor.swift */ = {isa = PBXFileReference; lastKnownFileType = sourcecode.swift; path = "View + navigationBarColor.swift"; sourceTree = "<group>"; };
		DBF26D322700ACE1003E818A /* View + hideKeyboard.swift */ = {isa = PBXFileReference; lastKnownFileType = sourcecode.swift; path = "View + hideKeyboard.swift"; sourceTree = "<group>"; };
		DE4FA6761694EB446C94A862 /* Pods_BMICalcSolokhaO.framework */ = {isa = PBXFileReference; explicitFileType = wrapper.framework; includeInIndex = 0; path = Pods_BMICalcSolokhaO.framework; sourceTree = BUILT_PRODUCTS_DIR; };
/* End PBXFileReference section */

/* Begin PBXFrameworksBuildPhase section */
		DB55B8EF26FE218B004C91FA /* Frameworks */ = {
			isa = PBXFrameworksBuildPhase;
			buildActionMask = 2147483647;
			files = (
				F5DC79E4EAAADB86F16C3A15 /* Pods_BMICalcSolokhaO.framework in Frameworks */,
			);
			runOnlyForDeploymentPostprocessing = 0;
		};
/* End PBXFrameworksBuildPhase section */

/* Begin PBXGroup section */
		312EE489C5671D36AFD28C8E /* Frameworks */ = {
			isa = PBXGroup;
			children = (
				DE4FA6761694EB446C94A862 /* Pods_BMICalcSolokhaO.framework */,
			);
			name = Frameworks;
			sourceTree = "<group>";
		};
		9252AAB60D53A9E2834A46B2 /* Pods */ = {
			isa = PBXGroup;
			children = (
				47D7D979CB6CCE6B809E0337 /* Pods-BMICalcSolokhaO.debug.xcconfig */,
				980D0713BB7E23CD536F4F89 /* Pods-BMICalcSolokhaO.release.xcconfig */,
			);
			path = Pods;
			sourceTree = "<group>";
		};
		DB55B8E926FE218B004C91FA = {
			isa = PBXGroup;
			children = (
				DB55B8F426FE218B004C91FA /* BMICalcSolokhaO */,
				DB55B8F326FE218B004C91FA /* Products */,
				9252AAB60D53A9E2834A46B2 /* Pods */,
				312EE489C5671D36AFD28C8E /* Frameworks */,
			);
			sourceTree = "<group>";
		};
		DB55B8F326FE218B004C91FA /* Products */ = {
			isa = PBXGroup;
			children = (
				DB55B8F226FE218B004C91FA /* BMICalcSolokhaO.app */,
			);
			name = Products;
			sourceTree = "<group>";
		};
		DB55B8F426FE218B004C91FA /* BMICalcSolokhaO */ = {
			isa = PBXGroup;
			children = (
				DBF26D2727007E47003E818A /* Info.plist */,
				DB55B8F526FE218B004C91FA /* BMICalcSolokhaOApp.swift */,
				DB09631627006ABB008D987E /* AppDelegate.swift */,
				DB09631827006D3D008D987E /* GoogleService-Info.plist */,
				DB66F4E826FE4E1C004563AC /* Model */,
				DB66F4E926FE4E27004563AC /* ViewModel */,
				DB66F4EA26FE4E55004563AC /* View */,
				DB55B8F926FE218E004C91FA /* Assets.xcassets */,
				DBF26D2827009048003E818A /* Extension */,
				DB55B8FB26FE218E004C91FA /* Preview Content */,
			);
			path = BMICalcSolokhaO;
			sourceTree = "<group>";
		};
		DB55B8FB26FE218E004C91FA /* Preview Content */ = {
			isa = PBXGroup;
			children = (
				DB55B8FC26FE218E004C91FA /* Preview Assets.xcassets */,
			);
			path = "Preview Content";
			sourceTree = "<group>";
		};
		DB66F4E826FE4E1C004563AC /* Model */ = {
			isa = PBXGroup;
			children = (
				DB7CF17326FF3E9B00DC503C /* Person.swift */,
				DB7CF17726FF454600DC503C /* BMICalcModel.swift */,
			);
			path = Model;
			sourceTree = "<group>";
		};
		DB66F4E926FE4E27004563AC /* ViewModel */ = {
			isa = PBXGroup;
			children = (
				DB66F4E626FE4B16004563AC /* MainViewModel.swift */,
				DB7CF17926FF4CCF00DC503C /* ResultBMIViewModel.swift */,
			);
			path = ViewModel;
			sourceTree = "<group>";
		};
		DB66F4EA26FE4E55004563AC /* View */ = {
			isa = PBXGroup;
			children = (
				DB55B8F726FE218B004C91FA /* MainView.swift */,
				DB55B90326FE2339004C91FA /* EnterParameterView.swift */,
				DB7CF17526FF3F8B00DC503C /* ResultBMIView.swift */,
				DB09631427004A20008D987E /* RateView.swift */,
				DBB3AEBD270074FC009CB4E7 /* AdMobView.swift */,
				DBF26D2B270096DA003E818A /* Helper */,
			);
			path = View;
			sourceTree = "<group>";
		};
		DBF26D2827009048003E818A /* Extension */ = {
			isa = PBXGroup;
			children = (
				DBF26D29270090C0003E818A /* UIColor + hexStringToUIColor.swift */,
				DBF26D3027009B34003E818A /* View + navigationBarColor.swift */,
				DBA275FC270CAE1D009C8307 /* View + navigationBarGradient.swift */,
				DBF26D322700ACE1003E818A /* View + hideKeyboard.swift */,
			);
			path = Extension;
			sourceTree = "<group>";
		};
		DBF26D2B270096DA003E818A /* Helper */ = {
			isa = PBXGroup;
			children = (
				DBF26D2C27009701003E818A /* ColorDesign.swift */,
				DBF26D2E27009B06003E818A /* NavigationBarColorModifier.swift */,
				DBA275F8270CA73C009C8307 /* NavigationBarGradientModifier.swift */,
			);
			path = Helper;
			sourceTree = "<group>";
		};
/* End PBXGroup section */

/* Begin PBXNativeTarget section */
		DB55B8F126FE218B004C91FA /* BMICalcSolokhaO */ = {
			isa = PBXNativeTarget;
			buildConfigurationList = DB55B90026FE218E004C91FA /* Build configuration list for PBXNativeTarget "BMICalcSolokhaO" */;
			buildPhases = (
				62065507B3EAC530C56DD990 /* [CP] Check Pods Manifest.lock */,
				DB55B8EE26FE218B004C91FA /* Sources */,
				DB55B8EF26FE218B004C91FA /* Frameworks */,
				DB55B8F026FE218B004C91FA /* Resources */,
				8BC76A5793BC4858FB9050CB /* [CP] Embed Pods Frameworks */,
			);
			buildRules = (
			);
			dependencies = (
			);
			name = BMICalcSolokhaO;
			productName = BMICalcSolokhaO;
			productReference = DB55B8F226FE218B004C91FA /* BMICalcSolokhaO.app */;
			productType = "com.apple.product-type.application";
		};
/* End PBXNativeTarget section */

/* Begin PBXProject section */
		DB55B8EA26FE218B004C91FA /* Project object */ = {
			isa = PBXProject;
			attributes = {
				BuildIndependentTargetsInParallel = 1;
				LastSwiftUpdateCheck = 1300;
				LastUpgradeCheck = 1300;
				TargetAttributes = {
					DB55B8F126FE218B004C91FA = {
						CreatedOnToolsVersion = 13.0;
					};
				};
			};
			buildConfigurationList = DB55B8ED26FE218B004C91FA /* Build configuration list for PBXProject "BMICalcSolokhaO" */;
			compatibilityVersion = "Xcode 12.0";
			developmentRegion = en;
			hasScannedForEncodings = 0;
			knownRegions = (
				en,
				Base,
			);
			mainGroup = DB55B8E926FE218B004C91FA;
			productRefGroup = DB55B8F326FE218B004C91FA /* Products */;
			projectDirPath = "";
			projectRoot = "";
			targets = (
				DB55B8F126FE218B004C91FA /* BMICalcSolokhaO */,
			);
		};
/* End PBXProject section */

/* Begin PBXResourcesBuildPhase section */
		DB55B8F026FE218B004C91FA /* Resources */ = {
			isa = PBXResourcesBuildPhase;
			buildActionMask = 2147483647;
			files = (
				DB55B8FD26FE218E004C91FA /* Preview Assets.xcassets in Resources */,
				DB55B8FA26FE218E004C91FA /* Assets.xcassets in Resources */,
				DB09631927006D3D008D987E /* GoogleService-Info.plist in Resources */,
			);
			runOnlyForDeploymentPostprocessing = 0;
		};
/* End PBXResourcesBuildPhase section */

/* Begin PBXShellScriptBuildPhase section */
		62065507B3EAC530C56DD990 /* [CP] Check Pods Manifest.lock */ = {
			isa = PBXShellScriptBuildPhase;
			buildActionMask = 2147483647;
			files = (
			);
			inputFileListPaths = (
			);
			inputPaths = (
				"${PODS_PODFILE_DIR_PATH}/Podfile.lock",
				"${PODS_ROOT}/Manifest.lock",
			);
			name = "[CP] Check Pods Manifest.lock";
			outputFileListPaths = (
			);
			outputPaths = (
				"$(DERIVED_FILE_DIR)/Pods-BMICalcSolokhaO-checkManifestLockResult.txt",
			);
			runOnlyForDeploymentPostprocessing = 0;
			shellPath = /bin/sh;
			shellScript = "diff \"${PODS_PODFILE_DIR_PATH}/Podfile.lock\" \"${PODS_ROOT}/Manifest.lock\" > /dev/null\nif [ $? != 0 ] ; then\n    # print error to STDERR\n    echo \"error: The sandbox is not in sync with the Podfile.lock. Run 'pod install' or update your CocoaPods installation.\" >&2\n    exit 1\nfi\n# This output is used by Xcode 'outputs' to avoid re-running this script phase.\necho \"SUCCESS\" > \"${SCRIPT_OUTPUT_FILE_0}\"\n";
			showEnvVarsInLog = 0;
		};
		8BC76A5793BC4858FB9050CB /* [CP] Embed Pods Frameworks */ = {
			isa = PBXShellScriptBuildPhase;
			buildActionMask = 2147483647;
			files = (
			);
			inputFileListPaths = (
				"${PODS_ROOT}/Target Support Files/Pods-BMICalcSolokhaO/Pods-BMICalcSolokhaO-frameworks-${CONFIGURATION}-input-files.xcfilelist",
			);
			name = "[CP] Embed Pods Frameworks";
			outputFileListPaths = (
				"${PODS_ROOT}/Target Support Files/Pods-BMICalcSolokhaO/Pods-BMICalcSolokhaO-frameworks-${CONFIGURATION}-output-files.xcfilelist",
			);
			runOnlyForDeploymentPostprocessing = 0;
			shellPath = /bin/sh;
			shellScript = "\"${PODS_ROOT}/Target Support Files/Pods-BMICalcSolokhaO/Pods-BMICalcSolokhaO-frameworks.sh\"\n";
			showEnvVarsInLog = 0;
		};
/* End PBXShellScriptBuildPhase section */

/* Begin PBXSourcesBuildPhase section */
		DB55B8EE26FE218B004C91FA /* Sources */ = {
			isa = PBXSourcesBuildPhase;
			buildActionMask = 2147483647;
			files = (
				DBB3AEBE270074FD009CB4E7 /* AdMobView.swift in Sources */,
				DB7CF17826FF454600DC503C /* BMICalcModel.swift in Sources */,
				DB7CF17426FF3E9B00DC503C /* Person.swift in Sources */,
				DBF26D3127009B34003E818A /* View + navigationBarColor.swift in Sources */,
				DBA275FD270CAE1D009C8307 /* View + navigationBarGradient.swift in Sources */,
				DB09631527004A20008D987E /* RateView.swift in Sources */,
				DBF26D2F27009B06003E818A /* NavigationBarColorModifier.swift in Sources */,
				DBF26D2D27009701003E818A /* ColorDesign.swift in Sources */,
				DB55B8F826FE218B004C91FA /* MainView.swift in Sources */,
				DB7CF17A26FF4CCF00DC503C /* ResultBMIViewModel.swift in Sources */,
				DBA275F9270CA73C009C8307 /* NavigationBarGradientModifier.swift in Sources */,
				DB7CF17626FF3F8B00DC503C /* ResultBMIView.swift in Sources */,
				DBF26D332700ACE1003E818A /* View + hideKeyboard.swift in Sources */,
				DBF26D2A270090C0003E818A /* UIColor + hexStringToUIColor.swift in Sources */,
				DB55B90426FE2339004C91FA /* EnterParameterView.swift in Sources */,
				DB55B8F626FE218B004C91FA /* BMICalcSolokhaOApp.swift in Sources */,
				DB09631727006ABB008D987E /* AppDelegate.swift in Sources */,
				DB66F4E726FE4B16004563AC /* MainViewModel.swift in Sources */,
			);
			runOnlyForDeploymentPostprocessing = 0;
		};
/* End PBXSourcesBuildPhase section */

/* Begin XCBuildConfiguration section */
		DB55B8FE26FE218E004C91FA /* Debug */ = {
			isa = XCBuildConfiguration;
			buildSettings = {
				ALWAYS_SEARCH_USER_PATHS = NO;
				CLANG_ANALYZER_NONNULL = YES;
				CLANG_ANALYZER_NUMBER_OBJECT_CONVERSION = YES_AGGRESSIVE;
				CLANG_CXX_LANGUAGE_STANDARD = "gnu++17";
				CLANG_CXX_LIBRARY = "libc++";
				CLANG_ENABLE_MODULES = YES;
				CLANG_ENABLE_OBJC_ARC = YES;
				CLANG_ENABLE_OBJC_WEAK = YES;
				CLANG_WARN_BLOCK_CAPTURE_AUTORELEASING = YES;
				CLANG_WARN_BOOL_CONVERSION = YES;
				CLANG_WARN_COMMA = YES;
				CLANG_WARN_CONSTANT_CONVERSION = YES;
				CLANG_WARN_DEPRECATED_OBJC_IMPLEMENTATIONS = YES;
				CLANG_WARN_DIRECT_OBJC_ISA_USAGE = YES_ERROR;
				CLANG_WARN_DOCUMENTATION_COMMENTS = YES;
				CLANG_WARN_EMPTY_BODY = YES;
				CLANG_WARN_ENUM_CONVERSION = YES;
				CLANG_WARN_INFINITE_RECURSION = YES;
				CLANG_WARN_INT_CONVERSION = YES;
				CLANG_WARN_NON_LITERAL_NULL_CONVERSION = YES;
				CLANG_WARN_OBJC_IMPLICIT_RETAIN_SELF = YES;
				CLANG_WARN_OBJC_LITERAL_CONVERSION = YES;
				CLANG_WARN_OBJC_ROOT_CLASS = YES_ERROR;
				CLANG_WARN_QUOTED_INCLUDE_IN_FRAMEWORK_HEADER = YES;
				CLANG_WARN_RANGE_LOOP_ANALYSIS = YES;
				CLANG_WARN_STRICT_PROTOTYPES = YES;
				CLANG_WARN_SUSPICIOUS_MOVE = YES;
				CLANG_WARN_UNGUARDED_AVAILABILITY = YES_AGGRESSIVE;
				CLANG_WARN_UNREACHABLE_CODE = YES;
				CLANG_WARN__DUPLICATE_METHOD_MATCH = YES;
				COPY_PHASE_STRIP = NO;
				DEBUG_INFORMATION_FORMAT = dwarf;
				ENABLE_STRICT_OBJC_MSGSEND = YES;
				ENABLE_TESTABILITY = YES;
				GCC_C_LANGUAGE_STANDARD = gnu11;
				GCC_DYNAMIC_NO_PIC = NO;
				GCC_NO_COMMON_BLOCKS = YES;
				GCC_OPTIMIZATION_LEVEL = 0;
				GCC_PREPROCESSOR_DEFINITIONS = (
					"DEBUG=1",
					"$(inherited)",
				);
				GCC_WARN_64_TO_32_BIT_CONVERSION = YES;
				GCC_WARN_ABOUT_RETURN_TYPE = YES_ERROR;
				GCC_WARN_UNDECLARED_SELECTOR = YES;
				GCC_WARN_UNINITIALIZED_AUTOS = YES_AGGRESSIVE;
				GCC_WARN_UNUSED_FUNCTION = YES;
				GCC_WARN_UNUSED_VARIABLE = YES;
				IPHONEOS_DEPLOYMENT_TARGET = 14.7;
				MTL_ENABLE_DEBUG_INFO = INCLUDE_SOURCE;
				MTL_FAST_MATH = YES;
				ONLY_ACTIVE_ARCH = YES;
				SDKROOT = iphoneos;
				SWIFT_ACTIVE_COMPILATION_CONDITIONS = DEBUG;
				SWIFT_OPTIMIZATION_LEVEL = "-Onone";
			};
			name = Debug;
		};
		DB55B8FF26FE218E004C91FA /* Release */ = {
			isa = XCBuildConfiguration;
			buildSettings = {
				ALWAYS_SEARCH_USER_PATHS = NO;
				CLANG_ANALYZER_NONNULL = YES;
				CLANG_ANALYZER_NUMBER_OBJECT_CONVERSION = YES_AGGRESSIVE;
				CLANG_CXX_LANGUAGE_STANDARD = "gnu++17";
				CLANG_CXX_LIBRARY = "libc++";
				CLANG_ENABLE_MODULES = YES;
				CLANG_ENABLE_OBJC_ARC = YES;
				CLANG_ENABLE_OBJC_WEAK = YES;
				CLANG_WARN_BLOCK_CAPTURE_AUTORELEASING = YES;
				CLANG_WARN_BOOL_CONVERSION = YES;
				CLANG_WARN_COMMA = YES;
				CLANG_WARN_CONSTANT_CONVERSION = YES;
				CLANG_WARN_DEPRECATED_OBJC_IMPLEMENTATIONS = YES;
				CLANG_WARN_DIRECT_OBJC_ISA_USAGE = YES_ERROR;
				CLANG_WARN_DOCUMENTATION_COMMENTS = YES;
				CLANG_WARN_EMPTY_BODY = YES;
				CLANG_WARN_ENUM_CONVERSION = YES;
				CLANG_WARN_INFINITE_RECURSION = YES;
				CLANG_WARN_INT_CONVERSION = YES;
				CLANG_WARN_NON_LITERAL_NULL_CONVERSION = YES;
				CLANG_WARN_OBJC_IMPLICIT_RETAIN_SELF = YES;
				CLANG_WARN_OBJC_LITERAL_CONVERSION = YES;
				CLANG_WARN_OBJC_ROOT_CLASS = YES_ERROR;
				CLANG_WARN_QUOTED_INCLUDE_IN_FRAMEWORK_HEADER = YES;
				CLANG_WARN_RANGE_LOOP_ANALYSIS = YES;
				CLANG_WARN_STRICT_PROTOTYPES = YES;
				CLANG_WARN_SUSPICIOUS_MOVE = YES;
				CLANG_WARN_UNGUARDED_AVAILABILITY = YES_AGGRESSIVE;
				CLANG_WARN_UNREACHABLE_CODE = YES;
				CLANG_WARN__DUPLICATE_METHOD_MATCH = YES;
				COPY_PHASE_STRIP = NO;
				DEBUG_INFORMATION_FORMAT = "dwarf-with-dsym";
				ENABLE_NS_ASSERTIONS = NO;
				ENABLE_STRICT_OBJC_MSGSEND = YES;
				GCC_C_LANGUAGE_STANDARD = gnu11;
				GCC_NO_COMMON_BLOCKS = YES;
				GCC_WARN_64_TO_32_BIT_CONVERSION = YES;
				GCC_WARN_ABOUT_RETURN_TYPE = YES_ERROR;
				GCC_WARN_UNDECLARED_SELECTOR = YES;
				GCC_WARN_UNINITIALIZED_AUTOS = YES_AGGRESSIVE;
				GCC_WARN_UNUSED_FUNCTION = YES;
				GCC_WARN_UNUSED_VARIABLE = YES;
				IPHONEOS_DEPLOYMENT_TARGET = 14.7;
				MTL_ENABLE_DEBUG_INFO = NO;
				MTL_FAST_MATH = YES;
				SDKROOT = iphoneos;
				SWIFT_COMPILATION_MODE = wholemodule;
				SWIFT_OPTIMIZATION_LEVEL = "-O";
				VALIDATE_PRODUCT = YES;
			};
			name = Release;
		};
		DB55B90126FE218E004C91FA /* Debug */ = {
			isa = XCBuildConfiguration;
			baseConfigurationReference = 47D7D979CB6CCE6B809E0337 /* Pods-BMICalcSolokhaO.debug.xcconfig */;
			buildSettings = {
				ASSETCATALOG_COMPILER_APPICON_NAME = AppIcon;
				ASSETCATALOG_COMPILER_GLOBAL_ACCENT_COLOR_NAME = AccentColor;
				CODE_SIGN_STYLE = Automatic;
				CURRENT_PROJECT_VERSION = 1;
				DEVELOPMENT_ASSET_PATHS = "\"BMICalcSolokhaO/Preview Content\"";
				DEVELOPMENT_TEAM = X8NNCQ3HW6;
				ENABLE_PREVIEWS = YES;
				GENERATE_INFOPLIST_FILE = YES;
				INFOPLIST_FILE = BMICalcSolokhaO/Info.plist;
				INFOPLIST_KEY_UIApplicationSceneManifest_Generation = YES;
				INFOPLIST_KEY_UIApplicationSupportsIndirectInputEvents = YES;
				INFOPLIST_KEY_UILaunchScreen_Generation = YES;
				INFOPLIST_KEY_UISupportedInterfaceOrientations_iPad = "UIInterfaceOrientationPortrait UIInterfaceOrientationPortraitUpsideDown UIInterfaceOrientationLandscapeLeft UIInterfaceOrientationLandscapeRight";
				INFOPLIST_KEY_UISupportedInterfaceOrientations_iPhone = "UIInterfaceOrientationPortrait UIInterfaceOrientationLandscapeLeft UIInterfaceOrientationLandscapeRight";
				IPHONEOS_DEPLOYMENT_TARGET = 14.0;
				LD_RUNPATH_SEARCH_PATHS = (
					"$(inherited)",
					"@executable_path/Frameworks",
				);
				MARKETING_VERSION = 1.0;
				PRODUCT_BUNDLE_IDENTIFIER = "Oleksandr-Solokha.BMICalcSolokhaO";
				PRODUCT_NAME = "$(TARGET_NAME)";
				SWIFT_EMIT_LOC_STRINGS = YES;
				SWIFT_VERSION = 5.0;
				TARGETED_DEVICE_FAMILY = "1,2";
			};
			name = Debug;
		};
		DB55B90226FE218E004C91FA /* Release */ = {
			isa = XCBuildConfiguration;
			baseConfigurationReference = 980D0713BB7E23CD536F4F89 /* Pods-BMICalcSolokhaO.release.xcconfig */;
			buildSettings = {
				ASSETCATALOG_COMPILER_APPICON_NAME = AppIcon;
				ASSETCATALOG_COMPILER_GLOBAL_ACCENT_COLOR_NAME = AccentColor;
				CODE_SIGN_STYLE = Automatic;
				CURRENT_PROJECT_VERSION = 1;
				DEVELOPMENT_ASSET_PATHS = "\"BMICalcSolokhaO/Preview Content\"";
				DEVELOPMENT_TEAM = X8NNCQ3HW6;
				ENABLE_PREVIEWS = YES;
				GENERATE_INFOPLIST_FILE = YES;
				INFOPLIST_FILE = BMICalcSolokhaO/Info.plist;
				INFOPLIST_KEY_UIApplicationSceneManifest_Generation = YES;
				INFOPLIST_KEY_UIApplicationSupportsIndirectInputEvents = YES;
				INFOPLIST_KEY_UILaunchScreen_Generation = YES;
				INFOPLIST_KEY_UISupportedInterfaceOrientations_iPad = "UIInterfaceOrientationPortrait UIInterfaceOrientationPortraitUpsideDown UIInterfaceOrientationLandscapeLeft UIInterfaceOrientationLandscapeRight";
				INFOPLIST_KEY_UISupportedInterfaceOrientations_iPhone = "UIInterfaceOrientationPortrait UIInterfaceOrientationLandscapeLeft UIInterfaceOrientationLandscapeRight";
				IPHONEOS_DEPLOYMENT_TARGET = 14.0;
				LD_RUNPATH_SEARCH_PATHS = (
					"$(inherited)",
					"@executable_path/Frameworks",
				);
				MARKETING_VERSION = 1.0;
				PRODUCT_BUNDLE_IDENTIFIER = "Oleksandr-Solokha.BMICalcSolokhaO";
				PRODUCT_NAME = "$(TARGET_NAME)";
				SWIFT_EMIT_LOC_STRINGS = YES;
				SWIFT_VERSION = 5.0;
				TARGETED_DEVICE_FAMILY = "1,2";
			};
			name = Release;
		};
/* End XCBuildConfiguration section */

/* Begin XCConfigurationList section */
		DB55B8ED26FE218B004C91FA /* Build configuration list for PBXProject "BMICalcSolokhaO" */ = {
			isa = XCConfigurationList;
			buildConfigurations = (
				DB55B8FE26FE218E004C91FA /* Debug */,
				DB55B8FF26FE218E004C91FA /* Release */,
			);
			defaultConfigurationIsVisible = 0;
			defaultConfigurationName = Release;
		};
		DB55B90026FE218E004C91FA /* Build configuration list for PBXNativeTarget "BMICalcSolokhaO" */ = {
			isa = XCConfigurationList;
			buildConfigurations = (
				DB55B90126FE218E004C91FA /* Debug */,
				DB55B90226FE218E004C91FA /* Release */,
			);
			defaultConfigurationIsVisible = 0;
			defaultConfigurationName = Release;
		};
/* End XCConfigurationList section */
	};
	rootObject = DB55B8EA26FE218B004C91FA /* Project object */;
}
